// !$*UTF8*$!
{
	archiveVersion = 1;
	classes = {
	};
	objectVersion = 50;
	objects = {

/* Begin PBXBuildFile section */
		203AC32127E8C2A20074E809 /* Tests_iOS.swift in Sources */ = {isa = PBXBuildFile; fileRef = 203AC32027E8C2A20074E809 /* Tests_iOS.swift */; };
		203AC32C27E8C2A20074E809 /* Tests_macOS.swift in Sources */ = {isa = PBXBuildFile; fileRef = 203AC32B27E8C2A20074E809 /* Tests_macOS.swift */; };
		203AC32E27E8C2A20074E809 /* PunchOutApp.swift in Sources */ = {isa = PBXBuildFile; fileRef = 203AC30527E8C2910074E809 /* PunchOutApp.swift */; };
		203AC32F27E8C2A20074E809 /* PunchOutApp.swift in Sources */ = {isa = PBXBuildFile; fileRef = 203AC30527E8C2910074E809 /* PunchOutApp.swift */; };
		203AC33027E8C2A20074E809 /* MainView.swift in Sources */ = {isa = PBXBuildFile; fileRef = 203AC30627E8C2910074E809 /* MainView.swift */; };
		203AC33127E8C2A20074E809 /* MainView.swift in Sources */ = {isa = PBXBuildFile; fileRef = 203AC30627E8C2910074E809 /* MainView.swift */; };
		203AC33227E8C2A20074E809 /* Assets.xcassets in Resources */ = {isa = PBXBuildFile; fileRef = 203AC30727E8C2A20074E809 /* Assets.xcassets */; };
		203AC33327E8C2A20074E809 /* Assets.xcassets in Resources */ = {isa = PBXBuildFile; fileRef = 203AC30727E8C2A20074E809 /* Assets.xcassets */; };
		9A0AE3D327F175DF00735BBA /* NavigationBarColor.swift in Sources */ = {isa = PBXBuildFile; fileRef = 9A0AE3D227F175DF00735BBA /* NavigationBarColor.swift */; };
		9A0AE3D427F175DF00735BBA /* NavigationBarColor.swift in Sources */ = {isa = PBXBuildFile; fileRef = 9A0AE3D227F175DF00735BBA /* NavigationBarColor.swift */; };
		9AFB014327E9FBF500350A1C /* MenuView.swift in Sources */ = {isa = PBXBuildFile; fileRef = 9AFB014227E9FBF500350A1C /* MenuView.swift */; };
		9AFB014427E9FBF500350A1C /* MenuView.swift in Sources */ = {isa = PBXBuildFile; fileRef = 9AFB014227E9FBF500350A1C /* MenuView.swift */; };
		9AFB014627E9FD1800350A1C /* HomeView.swift in Sources */ = {isa = PBXBuildFile; fileRef = 9AFB014527E9FD1800350A1C /* HomeView.swift */; };
		9AFB014727E9FD1800350A1C /* HomeView.swift in Sources */ = {isa = PBXBuildFile; fileRef = 9AFB014527E9FD1800350A1C /* HomeView.swift */; };
		9AFB014927E9FDB500350A1C /* CalendarView.swift in Sources */ = {isa = PBXBuildFile; fileRef = 9AFB014827E9FDB500350A1C /* CalendarView.swift */; };
		9AFB014A27E9FDB500350A1C /* CalendarView.swift in Sources */ = {isa = PBXBuildFile; fileRef = 9AFB014827E9FDB500350A1C /* CalendarView.swift */; };
/* End PBXBuildFile section */

/* Begin PBXContainerItemProxy section */
		203AC31D27E8C2A20074E809 /* PBXContainerItemProxy */ = {
			isa = PBXContainerItemProxy;
			containerPortal = 203AC30027E8C2910074E809 /* Project object */;
			proxyType = 1;
			remoteGlobalIDString = 203AC30B27E8C2A20074E809;
			remoteInfo = "PunchOut (iOS)";
		};
		203AC32827E8C2A20074E809 /* PBXContainerItemProxy */ = {
			isa = PBXContainerItemProxy;
			containerPortal = 203AC30027E8C2910074E809 /* Project object */;
			proxyType = 1;
			remoteGlobalIDString = 203AC31327E8C2A20074E809;
			remoteInfo = "PunchOut (macOS)";
		};
/* End PBXContainerItemProxy section */

/* Begin PBXFileReference section */
		203AC30527E8C2910074E809 /* PunchOutApp.swift */ = {isa = PBXFileReference; lastKnownFileType = sourcecode.swift; path = PunchOutApp.swift; sourceTree = "<group>"; };
		203AC30627E8C2910074E809 /* MainView.swift */ = {isa = PBXFileReference; lastKnownFileType = sourcecode.swift; path = MainView.swift; sourceTree = "<group>"; };
		203AC30727E8C2A20074E809 /* Assets.xcassets */ = {isa = PBXFileReference; lastKnownFileType = folder.assetcatalog; path = Assets.xcassets; sourceTree = "<group>"; };
		203AC30C27E8C2A20074E809 /* PunchOut.app */ = {isa = PBXFileReference; explicitFileType = wrapper.application; includeInIndex = 0; path = PunchOut.app; sourceTree = BUILT_PRODUCTS_DIR; };
		203AC30F27E8C2A20074E809 /* Info.plist */ = {isa = PBXFileReference; lastKnownFileType = text.plist.xml; path = Info.plist; sourceTree = "<group>"; };
		203AC31427E8C2A20074E809 /* PunchOut.app */ = {isa = PBXFileReference; explicitFileType = wrapper.application; includeInIndex = 0; path = PunchOut.app; sourceTree = BUILT_PRODUCTS_DIR; };
		203AC31627E8C2A20074E809 /* Info.plist */ = {isa = PBXFileReference; lastKnownFileType = text.plist.xml; path = Info.plist; sourceTree = "<group>"; };
		203AC31727E8C2A20074E809 /* macOS.entitlements */ = {isa = PBXFileReference; lastKnownFileType = text.plist.entitlements; path = macOS.entitlements; sourceTree = "<group>"; };
		203AC31C27E8C2A20074E809 /* Tests iOS.xctest */ = {isa = PBXFileReference; explicitFileType = wrapper.cfbundle; includeInIndex = 0; path = "Tests iOS.xctest"; sourceTree = BUILT_PRODUCTS_DIR; };
		203AC32027E8C2A20074E809 /* Tests_iOS.swift */ = {isa = PBXFileReference; lastKnownFileType = sourcecode.swift; path = Tests_iOS.swift; sourceTree = "<group>"; };
		203AC32227E8C2A20074E809 /* Info.plist */ = {isa = PBXFileReference; lastKnownFileType = text.plist.xml; path = Info.plist; sourceTree = "<group>"; };
		203AC32727E8C2A20074E809 /* Tests macOS.xctest */ = {isa = PBXFileReference; explicitFileType = wrapper.cfbundle; includeInIndex = 0; path = "Tests macOS.xctest"; sourceTree = BUILT_PRODUCTS_DIR; };
		203AC32B27E8C2A20074E809 /* Tests_macOS.swift */ = {isa = PBXFileReference; lastKnownFileType = sourcecode.swift; path = Tests_macOS.swift; sourceTree = "<group>"; };
		203AC32D27E8C2A20074E809 /* Info.plist */ = {isa = PBXFileReference; lastKnownFileType = text.plist.xml; path = Info.plist; sourceTree = "<group>"; };
		9A0AE3D227F175DF00735BBA /* NavigationBarColor.swift */ = {isa = PBXFileReference; lastKnownFileType = sourcecode.swift; path = NavigationBarColor.swift; sourceTree = "<group>"; };
		9AFB014227E9FBF500350A1C /* MenuView.swift */ = {isa = PBXFileReference; lastKnownFileType = sourcecode.swift; path = MenuView.swift; sourceTree = "<group>"; };
		9AFB014527E9FD1800350A1C /* HomeView.swift */ = {isa = PBXFileReference; lastKnownFileType = sourcecode.swift; path = HomeView.swift; sourceTree = "<group>"; };
		9AFB014827E9FDB500350A1C /* CalendarView.swift */ = {isa = PBXFileReference; lastKnownFileType = sourcecode.swift; path = CalendarView.swift; sourceTree = "<group>"; };
/* End PBXFileReference section */

/* Begin PBXFrameworksBuildPhase section */
		203AC30927E8C2A20074E809 /* Frameworks */ = {
			isa = PBXFrameworksBuildPhase;
			buildActionMask = 2147483647;
			files = (
			);
			runOnlyForDeploymentPostprocessing = 0;
		};
		203AC31127E8C2A20074E809 /* Frameworks */ = {
			isa = PBXFrameworksBuildPhase;
			buildActionMask = 2147483647;
			files = (
			);
			runOnlyForDeploymentPostprocessing = 0;
		};
		203AC31927E8C2A20074E809 /* Frameworks */ = {
			isa = PBXFrameworksBuildPhase;
			buildActionMask = 2147483647;
			files = (
			);
			runOnlyForDeploymentPostprocessing = 0;
		};
		203AC32427E8C2A20074E809 /* Frameworks */ = {
			isa = PBXFrameworksBuildPhase;
			buildActionMask = 2147483647;
			files = (
			);
			runOnlyForDeploymentPostprocessing = 0;
		};
/* End PBXFrameworksBuildPhase section */

/* Begin PBXGroup section */
		203AC2FF27E8C2910074E809 = {
			isa = PBXGroup;
			children = (
				203AC30427E8C2910074E809 /* Shared */,
				203AC30E27E8C2A20074E809 /* iOS */,
				203AC31527E8C2A20074E809 /* macOS */,
				203AC31F27E8C2A20074E809 /* Tests iOS */,
				203AC32A27E8C2A20074E809 /* Tests macOS */,
				203AC30D27E8C2A20074E809 /* Products */,
			);
			sourceTree = "<group>";
		};
		203AC30427E8C2910074E809 /* Shared */ = {
			isa = PBXGroup;
			children = (
				203AC30527E8C2910074E809 /* PunchOutApp.swift */,
				203AC30627E8C2910074E809 /* MainView.swift */,
				203AC30727E8C2A20074E809 /* Assets.xcassets */,
				9AFB014227E9FBF500350A1C /* MenuView.swift */,
				9AFB014527E9FD1800350A1C /* HomeView.swift */,
				9AFB014827E9FDB500350A1C /* CalendarView.swift */,
				9A0AE3D227F175DF00735BBA /* NavigationBarColor.swift */,
			);
			path = Shared;
			sourceTree = "<group>";
		};
		203AC30D27E8C2A20074E809 /* Products */ = {
			isa = PBXGroup;
			children = (
				203AC30C27E8C2A20074E809 /* PunchOut.app */,
				203AC31427E8C2A20074E809 /* PunchOut.app */,
				203AC31C27E8C2A20074E809 /* Tests iOS.xctest */,
				203AC32727E8C2A20074E809 /* Tests macOS.xctest */,
			);
			name = Products;
			sourceTree = "<group>";
		};
		203AC30E27E8C2A20074E809 /* iOS */ = {
			isa = PBXGroup;
			children = (
				203AC30F27E8C2A20074E809 /* Info.plist */,
			);
			path = iOS;
			sourceTree = "<group>";
		};
		203AC31527E8C2A20074E809 /* macOS */ = {
			isa = PBXGroup;
			children = (
				203AC31627E8C2A20074E809 /* Info.plist */,
				203AC31727E8C2A20074E809 /* macOS.entitlements */,
			);
			path = macOS;
			sourceTree = "<group>";
		};
		203AC31F27E8C2A20074E809 /* Tests iOS */ = {
			isa = PBXGroup;
			children = (
				203AC32027E8C2A20074E809 /* Tests_iOS.swift */,
				203AC32227E8C2A20074E809 /* Info.plist */,
			);
			path = "Tests iOS";
			sourceTree = "<group>";
		};
		203AC32A27E8C2A20074E809 /* Tests macOS */ = {
			isa = PBXGroup;
			children = (
				203AC32B27E8C2A20074E809 /* Tests_macOS.swift */,
				203AC32D27E8C2A20074E809 /* Info.plist */,
			);
			path = "Tests macOS";
			sourceTree = "<group>";
		};
/* End PBXGroup section */

/* Begin PBXNativeTarget section */
		203AC30B27E8C2A20074E809 /* PunchOut (iOS) */ = {
			isa = PBXNativeTarget;
			buildConfigurationList = 203AC33627E8C2A20074E809 /* Build configuration list for PBXNativeTarget "PunchOut (iOS)" */;
			buildPhases = (
				203AC30827E8C2A20074E809 /* Sources */,
				203AC30927E8C2A20074E809 /* Frameworks */,
				203AC30A27E8C2A20074E809 /* Resources */,
			);
			buildRules = (
			);
			dependencies = (
			);
			name = "PunchOut (iOS)";
			productName = "PunchOut (iOS)";
			productReference = 203AC30C27E8C2A20074E809 /* PunchOut.app */;
			productType = "com.apple.product-type.application";
		};
		203AC31327E8C2A20074E809 /* PunchOut (macOS) */ = {
			isa = PBXNativeTarget;
			buildConfigurationList = 203AC33927E8C2A20074E809 /* Build configuration list for PBXNativeTarget "PunchOut (macOS)" */;
			buildPhases = (
				203AC31027E8C2A20074E809 /* Sources */,
				203AC31127E8C2A20074E809 /* Frameworks */,
				203AC31227E8C2A20074E809 /* Resources */,
			);
			buildRules = (
			);
			dependencies = (
			);
			name = "PunchOut (macOS)";
			productName = "PunchOut (macOS)";
			productReference = 203AC31427E8C2A20074E809 /* PunchOut.app */;
			productType = "com.apple.product-type.application";
		};
		203AC31B27E8C2A20074E809 /* Tests iOS */ = {
			isa = PBXNativeTarget;
			buildConfigurationList = 203AC33C27E8C2A20074E809 /* Build configuration list for PBXNativeTarget "Tests iOS" */;
			buildPhases = (
				203AC31827E8C2A20074E809 /* Sources */,
				203AC31927E8C2A20074E809 /* Frameworks */,
				203AC31A27E8C2A20074E809 /* Resources */,
			);
			buildRules = (
			);
			dependencies = (
				203AC31E27E8C2A20074E809 /* PBXTargetDependency */,
			);
			name = "Tests iOS";
			productName = "Tests iOS";
			productReference = 203AC31C27E8C2A20074E809 /* Tests iOS.xctest */;
			productType = "com.apple.product-type.bundle.ui-testing";
		};
		203AC32627E8C2A20074E809 /* Tests macOS */ = {
			isa = PBXNativeTarget;
			buildConfigurationList = 203AC33F27E8C2A20074E809 /* Build configuration list for PBXNativeTarget "Tests macOS" */;
			buildPhases = (
				203AC32327E8C2A20074E809 /* Sources */,
				203AC32427E8C2A20074E809 /* Frameworks */,
				203AC32527E8C2A20074E809 /* Resources */,
			);
			buildRules = (
			);
			dependencies = (
				203AC32927E8C2A20074E809 /* PBXTargetDependency */,
			);
			name = "Tests macOS";
			productName = "Tests macOS";
			productReference = 203AC32727E8C2A20074E809 /* Tests macOS.xctest */;
			productType = "com.apple.product-type.bundle.ui-testing";
		};
/* End PBXNativeTarget section */

/* Begin PBXProject section */
		203AC30027E8C2910074E809 /* Project object */ = {
			isa = PBXProject;
			attributes = {
				LastSwiftUpdateCheck = 1230;
				LastUpgradeCheck = 1230;
				TargetAttributes = {
					203AC30B27E8C2A20074E809 = {
						CreatedOnToolsVersion = 12.3;
					};
					203AC31327E8C2A20074E809 = {
						CreatedOnToolsVersion = 12.3;
					};
					203AC31B27E8C2A20074E809 = {
						CreatedOnToolsVersion = 12.3;
						TestTargetID = 203AC30B27E8C2A20074E809;
					};
					203AC32627E8C2A20074E809 = {
						CreatedOnToolsVersion = 12.3;
						TestTargetID = 203AC31327E8C2A20074E809;
					};
				};
			};
			buildConfigurationList = 203AC30327E8C2910074E809 /* Build configuration list for PBXProject "PunchOut" */;
			compatibilityVersion = "Xcode 9.3";
			developmentRegion = en;
			hasScannedForEncodings = 0;
			knownRegions = (
				en,
				Base,
			);
			mainGroup = 203AC2FF27E8C2910074E809;
			productRefGroup = 203AC30D27E8C2A20074E809 /* Products */;
			projectDirPath = "";
			projectRoot = "";
			targets = (
				203AC30B27E8C2A20074E809 /* PunchOut (iOS) */,
				203AC31327E8C2A20074E809 /* PunchOut (macOS) */,
				203AC31B27E8C2A20074E809 /* Tests iOS */,
				203AC32627E8C2A20074E809 /* Tests macOS */,
			);
		};
/* End PBXProject section */

/* Begin PBXResourcesBuildPhase section */
		203AC30A27E8C2A20074E809 /* Resources */ = {
			isa = PBXResourcesBuildPhase;
			buildActionMask = 2147483647;
			files = (
				203AC33227E8C2A20074E809 /* Assets.xcassets in Resources */,
			);
			runOnlyForDeploymentPostprocessing = 0;
		};
		203AC31227E8C2A20074E809 /* Resources */ = {
			isa = PBXResourcesBuildPhase;
			buildActionMask = 2147483647;
			files = (
				203AC33327E8C2A20074E809 /* Assets.xcassets in Resources */,
			);
			runOnlyForDeploymentPostprocessing = 0;
		};
		203AC31A27E8C2A20074E809 /* Resources */ = {
			isa = PBXResourcesBuildPhase;
			buildActionMask = 2147483647;
			files = (
			);
			runOnlyForDeploymentPostprocessing = 0;
		};
		203AC32527E8C2A20074E809 /* Resources */ = {
			isa = PBXResourcesBuildPhase;
			buildActionMask = 2147483647;
			files = (
			);
			runOnlyForDeploymentPostprocessing = 0;
		};
/* End PBXResourcesBuildPhase section */

/* Begin PBXSourcesBuildPhase section */
		203AC30827E8C2A20074E809 /* Sources */ = {
			isa = PBXSourcesBuildPhase;
			buildActionMask = 2147483647;
			files = (
				9AFB014927E9FDB500350A1C /* CalendarView.swift in Sources */,
				9A0AE3D327F175DF00735BBA /* NavigationBarColor.swift in Sources */,
				203AC33027E8C2A20074E809 /* MainView.swift in Sources */,
				9AFB014627E9FD1800350A1C /* HomeView.swift in Sources */,
				9AFB014327E9FBF500350A1C /* MenuView.swift in Sources */,
				203AC32E27E8C2A20074E809 /* PunchOutApp.swift in Sources */,
			);
			runOnlyForDeploymentPostprocessing = 0;
		};
		203AC31027E8C2A20074E809 /* Sources */ = {
			isa = PBXSourcesBuildPhase;
			buildActionMask = 2147483647;
			files = (
				9AFB014A27E9FDB500350A1C /* CalendarView.swift in Sources */,
				9A0AE3D427F175DF00735BBA /* NavigationBarColor.swift in Sources */,
				203AC33127E8C2A20074E809 /* MainView.swift in Sources */,
				9AFB014727E9FD1800350A1C /* HomeView.swift in Sources */,
				9AFB014427E9FBF500350A1C /* MenuView.swift in Sources */,
				203AC32F27E8C2A20074E809 /* PunchOutApp.swift in Sources */,
			);
			runOnlyForDeploymentPostprocessing = 0;
		};
		203AC31827E8C2A20074E809 /* Sources */ = {
			isa = PBXSourcesBuildPhase;
			buildActionMask = 2147483647;
			files = (
				203AC32127E8C2A20074E809 /* Tests_iOS.swift in Sources */,
			);
			runOnlyForDeploymentPostprocessing = 0;
		};
		203AC32327E8C2A20074E809 /* Sources */ = {
			isa = PBXSourcesBuildPhase;
			buildActionMask = 2147483647;
			files = (
				203AC32C27E8C2A20074E809 /* Tests_macOS.swift in Sources */,
			);
			runOnlyForDeploymentPostprocessing = 0;
		};
/* End PBXSourcesBuildPhase section */

/* Begin PBXTargetDependency section */
		203AC31E27E8C2A20074E809 /* PBXTargetDependency */ = {
			isa = PBXTargetDependency;
			target = 203AC30B27E8C2A20074E809 /* PunchOut (iOS) */;
			targetProxy = 203AC31D27E8C2A20074E809 /* PBXContainerItemProxy */;
		};
		203AC32927E8C2A20074E809 /* PBXTargetDependency */ = {
			isa = PBXTargetDependency;
			target = 203AC31327E8C2A20074E809 /* PunchOut (macOS) */;
			targetProxy = 203AC32827E8C2A20074E809 /* PBXContainerItemProxy */;
		};
/* End PBXTargetDependency section */

/* Begin XCBuildConfiguration section */
		203AC33427E8C2A20074E809 /* Debug */ = {
			isa = XCBuildConfiguration;
			buildSettings = {
				ALWAYS_SEARCH_USER_PATHS = NO;
				CLANG_ANALYZER_NONNULL = YES;
				CLANG_ANALYZER_NUMBER_OBJECT_CONVERSION = YES_AGGRESSIVE;
				CLANG_CXX_LANGUAGE_STANDARD = "gnu++14";
				CLANG_CXX_LIBRARY = "libc++";
				CLANG_ENABLE_MODULES = YES;
				CLANG_ENABLE_OBJC_ARC = YES;
				CLANG_ENABLE_OBJC_WEAK = YES;
				CLANG_WARN_BLOCK_CAPTURE_AUTORELEASING = YES;
				CLANG_WARN_BOOL_CONVERSION = YES;
				CLANG_WARN_COMMA = YES;
				CLANG_WARN_CONSTANT_CONVERSION = YES;
				CLANG_WARN_DEPRECATED_OBJC_IMPLEMENTATIONS = YES;
				CLANG_WARN_DIRECT_OBJC_ISA_USAGE = YES_ERROR;
				CLANG_WARN_DOCUMENTATION_COMMENTS = YES;
				CLANG_WARN_EMPTY_BODY = YES;
				CLANG_WARN_ENUM_CONVERSION = YES;
				CLANG_WARN_INFINITE_RECURSION = YES;
				CLANG_WARN_INT_CONVERSION = YES;
				CLANG_WARN_NON_LITERAL_NULL_CONVERSION = YES;
				CLANG_WARN_OBJC_IMPLICIT_RETAIN_SELF = YES;
				CLANG_WARN_OBJC_LITERAL_CONVERSION = YES;
				CLANG_WARN_OBJC_ROOT_CLASS = YES_ERROR;
				CLANG_WARN_QUOTED_INCLUDE_IN_FRAMEWORK_HEADER = YES;
				CLANG_WARN_RANGE_LOOP_ANALYSIS = YES;
				CLANG_WARN_STRICT_PROTOTYPES = YES;
				CLANG_WARN_SUSPICIOUS_MOVE = YES;
				CLANG_WARN_UNGUARDED_AVAILABILITY = YES_AGGRESSIVE;
				CLANG_WARN_UNREACHABLE_CODE = YES;
				CLANG_WARN__DUPLICATE_METHOD_MATCH = YES;
				COPY_PHASE_STRIP = NO;
				DEBUG_INFORMATION_FORMAT = dwarf;
				ENABLE_STRICT_OBJC_MSGSEND = YES;
				ENABLE_TESTABILITY = YES;
				GCC_C_LANGUAGE_STANDARD = gnu11;
				GCC_DYNAMIC_NO_PIC = NO;
				GCC_NO_COMMON_BLOCKS = YES;
				GCC_OPTIMIZATION_LEVEL = 0;
				GCC_PREPROCESSOR_DEFINITIONS = (
					"DEBUG=1",
					"$(inherited)",
				);
				GCC_WARN_64_TO_32_BIT_CONVERSION = YES;
				GCC_WARN_ABOUT_RETURN_TYPE = YES_ERROR;
				GCC_WARN_UNDECLARED_SELECTOR = YES;
				GCC_WARN_UNINITIALIZED_AUTOS = YES_AGGRESSIVE;
				GCC_WARN_UNUSED_FUNCTION = YES;
				GCC_WARN_UNUSED_VARIABLE = YES;
				MTL_ENABLE_DEBUG_INFO = INCLUDE_SOURCE;
				MTL_FAST_MATH = YES;
				ONLY_ACTIVE_ARCH = YES;
				SWIFT_ACTIVE_COMPILATION_CONDITIONS = DEBUG;
				SWIFT_OPTIMIZATION_LEVEL = "-Onone";
			};
			name = Debug;
		};
		203AC33527E8C2A20074E809 /* Release */ = {
			isa = XCBuildConfiguration;
			buildSettings = {
				ALWAYS_SEARCH_USER_PATHS = NO;
				CLANG_ANALYZER_NONNULL = YES;
				CLANG_ANALYZER_NUMBER_OBJECT_CONVERSION = YES_AGGRESSIVE;
				CLANG_CXX_LANGUAGE_STANDARD = "gnu++14";
				CLANG_CXX_LIBRARY = "libc++";
				CLANG_ENABLE_MODULES = YES;
				CLANG_ENABLE_OBJC_ARC = YES;
				CLANG_ENABLE_OBJC_WEAK = YES;
				CLANG_WARN_BLOCK_CAPTURE_AUTORELEASING = YES;
				CLANG_WARN_BOOL_CONVERSION = YES;
				CLANG_WARN_COMMA = YES;
				CLANG_WARN_CONSTANT_CONVERSION = YES;
				CLANG_WARN_DEPRECATED_OBJC_IMPLEMENTATIONS = YES;
				CLANG_WARN_DIRECT_OBJC_ISA_USAGE = YES_ERROR;
				CLANG_WARN_DOCUMENTATION_COMMENTS = YES;
				CLANG_WARN_EMPTY_BODY = YES;
				CLANG_WARN_ENUM_CONVERSION = YES;
				CLANG_WARN_INFINITE_RECURSION = YES;
				CLANG_WARN_INT_CONVERSION = YES;
				CLANG_WARN_NON_LITERAL_NULL_CONVERSION = YES;
				CLANG_WARN_OBJC_IMPLICIT_RETAIN_SELF = YES;
				CLANG_WARN_OBJC_LITERAL_CONVERSION = YES;
				CLANG_WARN_OBJC_ROOT_CLASS = YES_ERROR;
				CLANG_WARN_QUOTED_INCLUDE_IN_FRAMEWORK_HEADER = YES;
				CLANG_WARN_RANGE_LOOP_ANALYSIS = YES;
				CLANG_WARN_STRICT_PROTOTYPES = YES;
				CLANG_WARN_SUSPICIOUS_MOVE = YES;
				CLANG_WARN_UNGUARDED_AVAILABILITY = YES_AGGRESSIVE;
				CLANG_WARN_UNREACHABLE_CODE = YES;
				CLANG_WARN__DUPLICATE_METHOD_MATCH = YES;
				COPY_PHASE_STRIP = NO;
				DEBUG_INFORMATION_FORMAT = "dwarf-with-dsym";
				ENABLE_NS_ASSERTIONS = NO;
				ENABLE_STRICT_OBJC_MSGSEND = YES;
				GCC_C_LANGUAGE_STANDARD = gnu11;
				GCC_NO_COMMON_BLOCKS = YES;
				GCC_WARN_64_TO_32_BIT_CONVERSION = YES;
				GCC_WARN_ABOUT_RETURN_TYPE = YES_ERROR;
				GCC_WARN_UNDECLARED_SELECTOR = YES;
				GCC_WARN_UNINITIALIZED_AUTOS = YES_AGGRESSIVE;
				GCC_WARN_UNUSED_FUNCTION = YES;
				GCC_WARN_UNUSED_VARIABLE = YES;
				MTL_ENABLE_DEBUG_INFO = NO;
				MTL_FAST_MATH = YES;
				SWIFT_COMPILATION_MODE = wholemodule;
				SWIFT_OPTIMIZATION_LEVEL = "-O";
			};
			name = Release;
		};
		203AC33727E8C2A20074E809 /* Debug */ = {
			isa = XCBuildConfiguration;
			buildSettings = {
				ASSETCATALOG_COMPILER_APPICON_NAME = AppIcon;
				ASSETCATALOG_COMPILER_GLOBAL_ACCENT_COLOR_NAME = AccentColor;
				CODE_SIGN_STYLE = Automatic;
				DEVELOPMENT_TEAM = 7PHMRYLXJF;
				ENABLE_PREVIEWS = YES;
				INFOPLIST_FILE = iOS/Info.plist;
				IPHONEOS_DEPLOYMENT_TARGET = 14.0;
				LD_RUNPATH_SEARCH_PATHS = (
					"$(inherited)",
					"@executable_path/Frameworks",
				);
				PRODUCT_BUNDLE_IDENTIFIER = "com.secual-inc.PunchOut";
				PRODUCT_NAME = PunchOut;
				SDKROOT = iphoneos;
				SWIFT_VERSION = 5.0;
				TARGETED_DEVICE_FAMILY = "1,2";
			};
			name = Debug;
		};
		203AC33827E8C2A20074E809 /* Release */ = {
			isa = XCBuildConfiguration;
			buildSettings = {
				ASSETCATALOG_COMPILER_APPICON_NAME = AppIcon;
				ASSETCATALOG_COMPILER_GLOBAL_ACCENT_COLOR_NAME = AccentColor;
				CODE_SIGN_STYLE = Automatic;
				DEVELOPMENT_TEAM = 7PHMRYLXJF;
				ENABLE_PREVIEWS = YES;
				INFOPLIST_FILE = iOS/Info.plist;
				IPHONEOS_DEPLOYMENT_TARGET = 14.0;
				LD_RUNPATH_SEARCH_PATHS = (
					"$(inherited)",
					"@executable_path/Frameworks",
				);
				PRODUCT_BUNDLE_IDENTIFIER = "com.secual-inc.PunchOut";
				PRODUCT_NAME = PunchOut;
				SDKROOT = iphoneos;
				SWIFT_VERSION = 5.0;
				TARGETED_DEVICE_FAMILY = "1,2";
				VALIDATE_PRODUCT = YES;
			};
			name = Release;
		};
		203AC33A27E8C2A20074E809 /* Debug */ = {
			isa = XCBuildConfiguration;
			buildSettings = {
				ASSETCATALOG_COMPILER_APPICON_NAME = AppIcon;
				ASSETCATALOG_COMPILER_GLOBAL_ACCENT_COLOR_NAME = AccentColor;
				CODE_SIGN_ENTITLEMENTS = macOS/macOS.entitlements;
				CODE_SIGN_STYLE = Automatic;
				COMBINE_HIDPI_IMAGES = YES;
				DEVELOPMENT_TEAM = 7PHMRYLXJF;
				ENABLE_HARDENED_RUNTIME = YES;
				ENABLE_PREVIEWS = YES;
				INFOPLIST_FILE = macOS/Info.plist;
				LD_RUNPATH_SEARCH_PATHS = (
					"$(inherited)",
					"@executable_path/../Frameworks",
				);
				MACOSX_DEPLOYMENT_TARGET = 11.0;
				PRODUCT_BUNDLE_IDENTIFIER = "com.secual-inc.PunchOut";
				PRODUCT_NAME = PunchOut;
				SDKROOT = macosx;
				SWIFT_VERSION = 5.0;
			};
			name = Debug;
		};
		203AC33B27E8C2A20074E809 /* Release */ = {
			isa = XCBuildConfiguration;
			buildSettings = {
				ASSETCATALOG_COMPILER_APPICON_NAME = AppIcon;
				ASSETCATALOG_COMPILER_GLOBAL_ACCENT_COLOR_NAME = AccentColor;
				CODE_SIGN_ENTITLEMENTS = macOS/macOS.entitlements;
				CODE_SIGN_STYLE = Automatic;
				COMBINE_HIDPI_IMAGES = YES;
				DEVELOPMENT_TEAM = 7PHMRYLXJF;
				ENABLE_HARDENED_RUNTIME = YES;
				ENABLE_PREVIEWS = YES;
				INFOPLIST_FILE = macOS/Info.plist;
				LD_RUNPATH_SEARCH_PATHS = (
					"$(inherited)",
					"@executable_path/../Frameworks",
				);
				MACOSX_DEPLOYMENT_TARGET = 11.0;
				PRODUCT_BUNDLE_IDENTIFIER = "com.secual-inc.PunchOut";
				PRODUCT_NAME = PunchOut;
				SDKROOT = macosx;
				SWIFT_VERSION = 5.0;
			};
			name = Release;
		};
		203AC33D27E8C2A20074E809 /* Debug */ = {
			isa = XCBuildConfiguration;
			buildSettings = {
				ALWAYS_EMBED_SWIFT_STANDARD_LIBRARIES = YES;
				CODE_SIGN_STYLE = Automatic;
				DEVELOPMENT_TEAM = 7PHMRYLXJF;
				INFOPLIST_FILE = "Tests iOS/Info.plist";
				IPHONEOS_DEPLOYMENT_TARGET = 14.3;
				LD_RUNPATH_SEARCH_PATHS = (
					"$(inherited)",
					"@executable_path/Frameworks",
					"@loader_path/Frameworks",
				);
				PRODUCT_BUNDLE_IDENTIFIER = "com.secual-inc.Tests-iOS";
				PRODUCT_NAME = "$(TARGET_NAME)";
				SDKROOT = iphoneos;
				SWIFT_VERSION = 5.0;
				TARGETED_DEVICE_FAMILY = "1,2";
				TEST_TARGET_NAME = "PunchOut (iOS)";
			};
			name = Debug;
		};
		203AC33E27E8C2A20074E809 /* Release */ = {
			isa = XCBuildConfiguration;
			buildSettings = {
				ALWAYS_EMBED_SWIFT_STANDARD_LIBRARIES = YES;
				CODE_SIGN_STYLE = Automatic;
				DEVELOPMENT_TEAM = 7PHMRYLXJF;
				INFOPLIST_FILE = "Tests iOS/Info.plist";
				IPHONEOS_DEPLOYMENT_TARGET = 14.3;
				LD_RUNPATH_SEARCH_PATHS = (
					"$(inherited)",
					"@executable_path/Frameworks",
					"@loader_path/Frameworks",
				);
				PRODUCT_BUNDLE_IDENTIFIER = "com.secual-inc.Tests-iOS";
				PRODUCT_NAME = "$(TARGET_NAME)";
				SDKROOT = iphoneos;
				SWIFT_VERSION = 5.0;
				TARGETED_DEVICE_FAMILY = "1,2";
				TEST_TARGET_NAME = "PunchOut (iOS)";
				VALIDATE_PRODUCT = YES;
			};
			name = Release;
		};
		203AC34027E8C2A20074E809 /* Debug */ = {
			isa = XCBuildConfiguration;
			buildSettings = {
				ALWAYS_EMBED_SWIFT_STANDARD_LIBRARIES = YES;
				CODE_SIGN_STYLE = Automatic;
				COMBINE_HIDPI_IMAGES = YES;
				DEVELOPMENT_TEAM = 7PHMRYLXJF;
				INFOPLIST_FILE = "Tests macOS/Info.plist";
				LD_RUNPATH_SEARCH_PATHS = (
					"$(inherited)",
					"@executable_path/../Frameworks",
					"@loader_path/../Frameworks",
				);
				MACOSX_DEPLOYMENT_TARGET = 10.15;
				PRODUCT_BUNDLE_IDENTIFIER = "com.secual-inc.Tests-macOS";
				PRODUCT_NAME = "$(TARGET_NAME)";
				SDKROOT = macosx;
				SWIFT_VERSION = 5.0;
				TEST_TARGET_NAME = "PunchOut (macOS)";
			};
			name = Debug;
		};
		203AC34127E8C2A20074E809 /* Release */ = {
			isa = XCBuildConfiguration;
			buildSettings = {
				ALWAYS_EMBED_SWIFT_STANDARD_LIBRARIES = YES;
				CODE_SIGN_STYLE = Automatic;
				COMBINE_HIDPI_IMAGES = YES;
				DEVELOPMENT_TEAM = 7PHMRYLXJF;
				INFOPLIST_FILE = "Tests macOS/Info.plist";
				LD_RUNPATH_SEARCH_PATHS = (
					"$(inherited)",
					"@executable_path/../Frameworks",
					"@loader_path/../Frameworks",
				);
				MACOSX_DEPLOYMENT_TARGET = 10.15;
				PRODUCT_BUNDLE_IDENTIFIER = "com.secual-inc.Tests-macOS";
				PRODUCT_NAME = "$(TARGET_NAME)";
				SDKROOT = macosx;
				SWIFT_VERSION = 5.0;
				TEST_TARGET_NAME = "PunchOut (macOS)";
			};
			name = Release;
		};
/* End XCBuildConfiguration section */

/* Begin XCConfigurationList section */
		203AC30327E8C2910074E809 /* Build configuration list for PBXProject "PunchOut" */ = {
			isa = XCConfigurationList;
			buildConfigurations = (
				203AC33427E8C2A20074E809 /* Debug */,
				203AC33527E8C2A20074E809 /* Release */,
			);
			defaultConfigurationIsVisible = 0;
			defaultConfigurationName = Release;
		};
		203AC33627E8C2A20074E809 /* Build configuration list for PBXNativeTarget "PunchOut (iOS)" */ = {
			isa = XCConfigurationList;
			buildConfigurations = (
				203AC33727E8C2A20074E809 /* Debug */,
				203AC33827E8C2A20074E809 /* Release */,
			);
			defaultConfigurationIsVisible = 0;
			defaultConfigurationName = Release;
		};
		203AC33927E8C2A20074E809 /* Build configuration list for PBXNativeTarget "PunchOut (macOS)" */ = {
			isa = XCConfigurationList;
			buildConfigurations = (
				203AC33A27E8C2A20074E809 /* Debug */,
				203AC33B27E8C2A20074E809 /* Release */,
			);
			defaultConfigurationIsVisible = 0;
			defaultConfigurationName = Release;
		};
		203AC33C27E8C2A20074E809 /* Build configuration list for PBXNativeTarget "Tests iOS" */ = {
			isa = XCConfigurationList;
			buildConfigurations = (
				203AC33D27E8C2A20074E809 /* Debug */,
				203AC33E27E8C2A20074E809 /* Release */,
			);
			defaultConfigurationIsVisible = 0;
			defaultConfigurationName = Release;
		};
		203AC33F27E8C2A20074E809 /* Build configuration list for PBXNativeTarget "Tests macOS" */ = {
			isa = XCConfigurationList;
			buildConfigurations = (
				203AC34027E8C2A20074E809 /* Debug */,
				203AC34127E8C2A20074E809 /* Release */,
			);
			defaultConfigurationIsVisible = 0;
			defaultConfigurationName = Release;
		};
/* End XCConfigurationList section */
	};
	rootObject = 203AC30027E8C2910074E809 /* Project object */;
}
